
Microsoft Visual Studio Solution File, Format Version 12.00
# Visual Studio Version 17
VisualStudioVersion = 17.9.34723.18
MinimumVisualStudioVersion = 10.0.40219.1
Project("{9A19103F-16F7-4668-BE54-9A1E7A4F7556}") = "EleCho.Internationalization", "EleCho.Internationalization\EleCho.Internationalization.csproj", "{63CA7A23-46A1-4C95-B085-0047AF484A59}"
EndProject
Project("{9A19103F-16F7-4668-BE54-9A1E7A4F7556}") = "TestConsole", "TestConsole\TestConsole.csproj", "{A6C11EFE-C495-4E79-8A03-69007A2A250C}"
EndProject
Project("{FAE04EC0-301F-11D3-BF4B-00C04F79EFBC}") = "TestWpf", "TestWpf\TestWpf.csproj", "{0B26A745-1936-4195-B0D5-30A1ABA6F557}"
EndProject
Global
	GlobalSection(SolutionConfigurationPlatforms) = preSolution
		Debug|Any CPU = Debug|Any CPU
		Release|Any CPU = Release|Any CPU
	EndGlobalSection
	GlobalSection(ProjectConfigurationPlatforms) = postSolution
		{63CA7A23-46A1-4C95-B085-0047AF484A59}.Debug|Any CPU.ActiveCfg = Debug|Any CPU
		{63CA7A23-46A1-4C95-B085-0047AF484A59}.Debug|Any CPU.Build.0 = Debug|Any CPU
		{63CA7A23-46A1-4C95-B085-0047AF484A59}.Release|Any CPU.ActiveCfg = Release|Any CPU
		{63CA7A23-46A1-4C95-B085-0047AF484A59}.Release|Any CPU.Build.0 = Release|Any CPU
		{A6C11EFE-C495-4E79-8A03-69007A2A250C}.Debug|Any CPU.ActiveCfg = Debug|Any CPU
		{A6C11EFE-C495-4E79-8A03-69007A2A250C}.Debug|Any CPU.Build.0 = Debug|Any CPU
		{A6C11EFE-C495-4E79-8A03-69007A2A250C}.Release|Any CPU.ActiveCfg = Release|Any CPU
		{A6C11EFE-C495-4E79-8A03-69007A2A250C}.Release|Any CPU.Build.0 = Release|Any CPU
		{0B26A745-1936-4195-B0D5-30A1ABA6F557}.Debug|Any CPU.ActiveCfg = Debug|Any CPU
		{0B26A745-1936-4195-B0D5-30A1ABA6F557}.Debug|Any CPU.Build.0 = Debug|Any CPU
		{0B26A745-1936-4195-B0D5-30A1ABA6F557}.Release|Any CPU.ActiveCfg = Release|Any CPU
		{0B26A745-1936-4195-B0D5-30A1ABA6F557}.Release|Any CPU.Build.0 = Release|Any CPU
	EndGlobalSection
	GlobalSection(SolutionProperties) = preSolution
		HideSolutionNode = FALSE
	EndGlobalSection
	GlobalSection(ExtensibilityGlobals) = postSolution
		SolutionGuid = {23AE9895-2278-4BCA-AAF9-50829AC37F3B}
	EndGlobalSection
EndGlobal
